// !$*UTF8*$!
{
	archiveVersion = 1;
	classes = {
	};
	objectVersion = 50;
	objects = {

/* Begin PBXBuildFile section */
		61524F8221AAA37300E29CDA /* AppDelegate.swift in Sources */ = {isa = PBXBuildFile; fileRef = 61524F8121AAA37300E29CDA /* AppDelegate.swift */; };
		61524F8421AAA37300E29CDA /* TodoListViewController.swift in Sources */ = {isa = PBXBuildFile; fileRef = 61524F8321AAA37300E29CDA /* TodoListViewController.swift */; };
		61524F8721AAA37300E29CDA /* Main.storyboard in Resources */ = {isa = PBXBuildFile; fileRef = 61524F8521AAA37300E29CDA /* Main.storyboard */; };
		61524F8921AAA37600E29CDA /* Assets.xcassets in Resources */ = {isa = PBXBuildFile; fileRef = 61524F8821AAA37600E29CDA /* Assets.xcassets */; };
		61524F8C21AAA37600E29CDA /* LaunchScreen.storyboard in Resources */ = {isa = PBXBuildFile; fileRef = 61524F8A21AAA37600E29CDA /* LaunchScreen.storyboard */; };
		61524F9D21ACC2D300E29CDA /* DataModel.xcdatamodeld in Sources */ = {isa = PBXBuildFile; fileRef = 61524F9B21ACC2D300E29CDA /* DataModel.xcdatamodeld */; };
		61524FC021ADB4AD00E29CDA /* CategoryViewController.swift in Sources */ = {isa = PBXBuildFile; fileRef = 61524FBF21ADB4AD00E29CDA /* CategoryViewController.swift */; };
		DCB470EA747857EDDC5AF703 /* Pods_NuruMassage.framework in Frameworks */ = {isa = PBXBuildFile; fileRef = 5CE8C8D36FA37251AC5C5995 /* Pods_NuruMassage.framework */; };
/* End PBXBuildFile section */

/* Begin PBXFileReference section */
		0C4B72D046E4D809B05727E6 /* Pods-NuruMassage.debug.xcconfig */ = {isa = PBXFileReference; includeInIndex = 1; lastKnownFileType = text.xcconfig; name = "Pods-NuruMassage.debug.xcconfig"; path = "Pods/Target Support Files/Pods-NuruMassage/Pods-NuruMassage.debug.xcconfig"; sourceTree = "<group>"; };
		5CE8C8D36FA37251AC5C5995 /* Pods_NuruMassage.framework */ = {isa = PBXFileReference; explicitFileType = wrapper.framework; includeInIndex = 0; path = Pods_NuruMassage.framework; sourceTree = BUILT_PRODUCTS_DIR; };
		61524F7E21AAA37300E29CDA /* NuruMassage.app */ = {isa = PBXFileReference; explicitFileType = wrapper.application; includeInIndex = 0; path = NuruMassage.app; sourceTree = BUILT_PRODUCTS_DIR; };
		61524F8121AAA37300E29CDA /* AppDelegate.swift */ = {isa = PBXFileReference; lastKnownFileType = sourcecode.swift; path = AppDelegate.swift; sourceTree = "<group>"; };
		61524F8321AAA37300E29CDA /* TodoListViewController.swift */ = {isa = PBXFileReference; lastKnownFileType = sourcecode.swift; path = TodoListViewController.swift; sourceTree = "<group>"; };
		61524F8621AAA37300E29CDA /* Base */ = {isa = PBXFileReference; lastKnownFileType = file.storyboard; name = Base; path = Base.lproj/Main.storyboard; sourceTree = "<group>"; };
		61524F8821AAA37600E29CDA /* Assets.xcassets */ = {isa = PBXFileReference; lastKnownFileType = folder.assetcatalog; path = Assets.xcassets; sourceTree = "<group>"; };
		61524F8B21AAA37600E29CDA /* Base */ = {isa = PBXFileReference; lastKnownFileType = file.storyboard; name = Base; path = Base.lproj/LaunchScreen.storyboard; sourceTree = "<group>"; };
		61524F8D21AAA37600E29CDA /* Info.plist */ = {isa = PBXFileReference; lastKnownFileType = text.plist.xml; path = Info.plist; sourceTree = "<group>"; };
		61524F9C21ACC2D300E29CDA /* DataModel.xcdatamodel */ = {isa = PBXFileReference; lastKnownFileType = wrapper.xcdatamodel; path = DataModel.xcdatamodel; sourceTree = "<group>"; };
		61524FBF21ADB4AD00E29CDA /* CategoryViewController.swift */ = {isa = PBXFileReference; lastKnownFileType = sourcecode.swift; path = CategoryViewController.swift; sourceTree = "<group>"; };
		D39D1F894466351A38FB25A0 /* Pods-NuruMassage.release.xcconfig */ = {isa = PBXFileReference; includeInIndex = 1; lastKnownFileType = text.xcconfig; name = "Pods-NuruMassage.release.xcconfig"; path = "Pods/Target Support Files/Pods-NuruMassage/Pods-NuruMassage.release.xcconfig"; sourceTree = "<group>"; };
/* End PBXFileReference section */

/* Begin PBXFrameworksBuildPhase section */
		61524F7B21AAA37300E29CDA /* Frameworks */ = {
			isa = PBXFrameworksBuildPhase;
			buildActionMask = 2147483647;
			files = (
				DCB470EA747857EDDC5AF703 /* Pods_NuruMassage.framework in Frameworks */,
			);
			runOnlyForDeploymentPostprocessing = 0;
		};
/* End PBXFrameworksBuildPhase section */

/* Begin PBXGroup section */
		61524F7521AAA37300E29CDA = {
			isa = PBXGroup;
			children = (
				61524F8021AAA37300E29CDA /* NuruMassage */,
				61524F7F21AAA37300E29CDA /* Products */,
				C6BBBE9681F39487B8090646 /* Pods */,
				86691F7AD1A5E08BFA62ABDD /* Frameworks */,
			);
			sourceTree = "<group>";
		};
		61524F7F21AAA37300E29CDA /* Products */ = {
			isa = PBXGroup;
			children = (
				61524F7E21AAA37300E29CDA /* NuruMassage.app */,
			);
			name = Products;
			sourceTree = "<group>";
		};
		61524F8021AAA37300E29CDA /* NuruMassage */ = {
			isa = PBXGroup;
			children = (
				61524F8121AAA37300E29CDA /* AppDelegate.swift */,
				61524F9821ABAFD200E29CDA /* Controllers */,
				61524F9621ABAE8600E29CDA /* Data Model */,
				61524F9921ABAFDE00E29CDA /* Views */,
				61524F9A21ABB00800E29CDA /* Supporting Files */,
				61524F8D21AAA37600E29CDA /* Info.plist */,
			);
			path = NuruMassage;
			sourceTree = "<group>";
		};
		61524F9621ABAE8600E29CDA /* Data Model */ = {
			isa = PBXGroup;
			children = (
				61524F9B21ACC2D300E29CDA /* DataModel.xcdatamodeld */,
			);
			path = "Data Model";
			sourceTree = "<group>";
		};
		61524F9821ABAFD200E29CDA /* Controllers */ = {
			isa = PBXGroup;
			children = (
				61524FBF21ADB4AD00E29CDA /* CategoryViewController.swift */,
				61524F8321AAA37300E29CDA /* TodoListViewController.swift */,
			);
			path = Controllers;
			sourceTree = "<group>";
		};
		61524F9921ABAFDE00E29CDA /* Views */ = {
			isa = PBXGroup;
			children = (
				61524F8521AAA37300E29CDA /* Main.storyboard */,
			);
			path = Views;
			sourceTree = "<group>";
		};
		61524F9A21ABB00800E29CDA /* Supporting Files */ = {
			isa = PBXGroup;
			children = (
				61524F8821AAA37600E29CDA /* Assets.xcassets */,
				61524F8A21AAA37600E29CDA /* LaunchScreen.storyboard */,
			);
			path = "Supporting Files";
			sourceTree = "<group>";
		};
		86691F7AD1A5E08BFA62ABDD /* Frameworks */ = {
			isa = PBXGroup;
			children = (
				5CE8C8D36FA37251AC5C5995 /* Pods_NuruMassage.framework */,
			);
			name = Frameworks;
			sourceTree = "<group>";
		};
		C6BBBE9681F39487B8090646 /* Pods */ = {
			isa = PBXGroup;
			children = (
				0C4B72D046E4D809B05727E6 /* Pods-NuruMassage.debug.xcconfig */,
				D39D1F894466351A38FB25A0 /* Pods-NuruMassage.release.xcconfig */,
			);
			name = Pods;
			sourceTree = "<group>";
		};
/* End PBXGroup section */

/* Begin PBXNativeTarget section */
		61524F7D21AAA37300E29CDA /* NuruMassage */ = {
			isa = PBXNativeTarget;
			buildConfigurationList = 61524F9021AAA37600E29CDA /* Build configuration list for PBXNativeTarget "NuruMassage" */;
			buildPhases = (
				371D48D04A3220B1F4C87E05 /* [CP] Check Pods Manifest.lock */,
				61524F7A21AAA37300E29CDA /* Sources */,
				61524F7B21AAA37300E29CDA /* Frameworks */,
				61524F7C21AAA37300E29CDA /* Resources */,
				E9EFAF4CB927A64C0DEDEE99 /* [CP] Embed Pods Frameworks */,
			);
			buildRules = (
			);
			dependencies = (
			);
			name = NuruMassage;
			productName = NuruMassage;
			productReference = 61524F7E21AAA37300E29CDA /* NuruMassage.app */;
			productType = "com.apple.product-type.application";
		};
/* End PBXNativeTarget section */

/* Begin PBXProject section */
		61524F7621AAA37300E29CDA /* Project object */ = {
			isa = PBXProject;
			attributes = {
				LastSwiftUpdateCheck = 1010;
				LastUpgradeCheck = 1010;
				ORGANIZATIONNAME = Light;
				TargetAttributes = {
					61524F7D21AAA37300E29CDA = {
						CreatedOnToolsVersion = 10.1;
					};
				};
			};
			buildConfigurationList = 61524F7921AAA37300E29CDA /* Build configuration list for PBXProject "NuruMassage" */;
			compatibilityVersion = "Xcode 9.3";
			developmentRegion = en;
			hasScannedForEncodings = 0;
			knownRegions = (
				en,
				Base,
			);
			mainGroup = 61524F7521AAA37300E29CDA;
			productRefGroup = 61524F7F21AAA37300E29CDA /* Products */;
			projectDirPath = "";
			projectRoot = "";
			targets = (
				61524F7D21AAA37300E29CDA /* NuruMassage */,
			);
		};
/* End PBXProject section */

/* Begin PBXResourcesBuildPhase section */
		61524F7C21AAA37300E29CDA /* Resources */ = {
			isa = PBXResourcesBuildPhase;
			buildActionMask = 2147483647;
			files = (
				61524F8C21AAA37600E29CDA /* LaunchScreen.storyboard in Resources */,
				61524F8921AAA37600E29CDA /* Assets.xcassets in Resources */,
				61524F8721AAA37300E29CDA /* Main.storyboard in Resources */,
			);
			runOnlyForDeploymentPostprocessing = 0;
		};
/* End PBXResourcesBuildPhase section */

/* Begin PBXShellScriptBuildPhase section */
		371D48D04A3220B1F4C87E05 /* [CP] Check Pods Manifest.lock */ = {
			isa = PBXShellScriptBuildPhase;
			buildActionMask = 2147483647;
			files = (
			);
			inputFileListPaths = (
			);
			inputPaths = (
				"${PODS_PODFILE_DIR_PATH}/Podfile.lock",
				"${PODS_ROOT}/Manifest.lock",
			);
			name = "[CP] Check Pods Manifest.lock";
			outputFileListPaths = (
			);
			outputPaths = (
				"$(DERIVED_FILE_DIR)/Pods-NuruMassage-checkManifestLockResult.txt",
			);
			runOnlyForDeploymentPostprocessing = 0;
			shellPath = /bin/sh;
			shellScript = "diff \"${PODS_PODFILE_DIR_PATH}/Podfile.lock\" \"${PODS_ROOT}/Manifest.lock\" > /dev/null\nif [ $? != 0 ] ; then\n    # print error to STDERR\n    echo \"error: The sandbox is not in sync with the Podfile.lock. Run 'pod install' or update your CocoaPods installation.\" >&2\n    exit 1\nfi\n# This output is used by Xcode 'outputs' to avoid re-running this script phase.\necho \"SUCCESS\" > \"${SCRIPT_OUTPUT_FILE_0}\"\n";
			showEnvVarsInLog = 0;
		};
		E9EFAF4CB927A64C0DEDEE99 /* [CP] Embed Pods Frameworks */ = {
			isa = PBXShellScriptBuildPhase;
			buildActionMask = 2147483647;
			files = (
			);
			inputFileListPaths = (
			);
			inputPaths = (
				"${SRCROOT}/Pods/Target Support Files/Pods-NuruMassage/Pods-NuruMassage-frameworks.sh",
				"${BUILT_PRODUCTS_DIR}/Realm/Realm.framework",
				"${BUILT_PRODUCTS_DIR}/RealmSwift/RealmSwift.framework",
			);
			name = "[CP] Embed Pods Frameworks";
			outputFileListPaths = (
			);
			outputPaths = (
				"${TARGET_BUILD_DIR}/${FRAMEWORKS_FOLDER_PATH}/Realm.framework",
				"${TARGET_BUILD_DIR}/${FRAMEWORKS_FOLDER_PATH}/RealmSwift.framework",
			);
			runOnlyForDeploymentPostprocessing = 0;
			shellPath = /bin/sh;
			shellScript = "\"${SRCROOT}/Pods/Target Support Files/Pods-NuruMassage/Pods-NuruMassage-frameworks.sh\"\n";
			showEnvVarsInLog = 0;
		};
/* End PBXShellScriptBuildPhase section */

/* Begin PBXSourcesBuildPhase section */
		61524F7A21AAA37300E29CDA /* Sources */ = {
			isa = PBXSourcesBuildPhase;
			buildActionMask = 2147483647;
			files = (
				61524FC021ADB4AD00E29CDA /* CategoryViewController.swift in Sources */,
				61524F8421AAA37300E29CDA /* TodoListViewController.swift in Sources */,
				61524F9D21ACC2D300E29CDA /* DataModel.xcdatamodeld in Sources */,
				61524F8221AAA37300E29CDA /* AppDelegate.swift in Sources */,
			);
			runOnlyForDeploymentPostprocessing = 0;
		};
/* End PBXSourcesBuildPhase section */

/* Begin PBXVariantGroup section */
		61524F8521AAA37300E29CDA /* Main.storyboard */ = {
			isa = PBXVariantGroup;
			children = (
				61524F8621AAA37300E29CDA /* Base */,
			);
			name = Main.storyboard;
			sourceTree = "<group>";
		};
		61524F8A21AAA37600E29CDA /* LaunchScreen.storyboard */ = {
			isa = PBXVariantGroup;
			children = (
				61524F8B21AAA37600E29CDA /* Base */,
			);
			name = LaunchScreen.storyboard;
			sourceTree = "<group>";
		};
/* End PBXVariantGroup section */

/* Begin XCBuildConfiguration section */
		61524F8E21AAA37600E29CDA /* Debug */ = {
			isa = XCBuildConfiguration;
			buildSettings = {
				ALWAYS_SEARCH_USER_PATHS = NO;
				CLANG_ANALYZER_NONNULL = YES;
				CLANG_ANALYZER_NUMBER_OBJECT_CONVERSION = YES_AGGRESSIVE;
				CLANG_CXX_LANGUAGE_STANDARD = "gnu++14";
				CLANG_CXX_LIBRARY = "libc++";
				CLANG_ENABLE_MODULES = YES;
				CLANG_ENABLE_OBJC_ARC = YES;
				CLANG_ENABLE_OBJC_WEAK = YES;
				CLANG_WARN_BLOCK_CAPTURE_AUTORELEASING = YES;
				CLANG_WARN_BOOL_CONVERSION = YES;
				CLANG_WARN_COMMA = YES;
				CLANG_WARN_CONSTANT_CONVERSION = YES;
				CLANG_WARN_DEPRECATED_OBJC_IMPLEMENTATIONS = YES;
				CLANG_WARN_DIRECT_OBJC_ISA_USAGE = YES_ERROR;
				CLANG_WARN_DOCUMENTATION_COMMENTS = YES;
				CLANG_WARN_EMPTY_BODY = YES;
				CLANG_WARN_ENUM_CONVERSION = YES;
				CLANG_WARN_INFINITE_RECURSION = YES;
				CLANG_WARN_INT_CONVERSION = YES;
				CLANG_WARN_NON_LITERAL_NULL_CONVERSION = YES;
				CLANG_WARN_OBJC_IMPLICIT_RETAIN_SELF = YES;
				CLANG_WARN_OBJC_LITERAL_CONVERSION = YES;
				CLANG_WARN_OBJC_ROOT_CLASS = YES_ERROR;
				CLANG_WARN_RANGE_LOOP_ANALYSIS = YES;
				CLANG_WARN_STRICT_PROTOTYPES = YES;
				CLANG_WARN_SUSPICIOUS_MOVE = YES;
				CLANG_WARN_UNGUARDED_AVAILABILITY = YES_AGGRESSIVE;
				CLANG_WARN_UNREACHABLE_CODE = YES;
				CLANG_WARN__DUPLICATE_METHOD_MATCH = YES;
				CODE_SIGN_IDENTITY = "iPhone Developer";
				COPY_PHASE_STRIP = NO;
				DEBUG_INFORMATION_FORMAT = dwarf;
				ENABLE_STRICT_OBJC_MSGSEND = YES;
				ENABLE_TESTABILITY = YES;
				GCC_C_LANGUAGE_STANDARD = gnu11;
				GCC_DYNAMIC_NO_PIC = NO;
				GCC_NO_COMMON_BLOCKS = YES;
				GCC_OPTIMIZATION_LEVEL = 0;
				GCC_PREPROCESSOR_DEFINITIONS = (
					"DEBUG=1",
					"$(inherited)",
				);
				GCC_WARN_64_TO_32_BIT_CONVERSION = YES;
				GCC_WARN_ABOUT_RETURN_TYPE = YES_ERROR;
				GCC_WARN_UNDECLARED_SELECTOR = YES;
				GCC_WARN_UNINITIALIZED_AUTOS = YES_AGGRESSIVE;
				GCC_WARN_UNUSED_FUNCTION = YES;
				GCC_WARN_UNUSED_VARIABLE = YES;
				IPHONEOS_DEPLOYMENT_TARGET = 12.1;
				MTL_ENABLE_DEBUG_INFO = INCLUDE_SOURCE;
				MTL_FAST_MATH = YES;
				ONLY_ACTIVE_ARCH = YES;
				SDKROOT = iphoneos;
				SWIFT_ACTIVE_COMPILATION_CONDITIONS = DEBUG;
				SWIFT_OPTIMIZATION_LEVEL = "-Onone";
			};
			name = Debug;
		};
		61524F8F21AAA37600E29CDA /* Release */ = {
			isa = XCBuildConfiguration;
			buildSettings = {
				ALWAYS_SEARCH_USER_PATHS = NO;
				CLANG_ANALYZER_NONNULL = YES;
				CLANG_ANALYZER_NUMBER_OBJECT_CONVERSION = YES_AGGRESSIVE;
				CLANG_CXX_LANGUAGE_STANDARD = "gnu++14";
				CLANG_CXX_LIBRARY = "libc++";
				CLANG_ENABLE_MODULES = YES;
				CLANG_ENABLE_OBJC_ARC = YES;
				CLANG_ENABLE_OBJC_WEAK = YES;
				CLANG_WARN_BLOCK_CAPTURE_AUTORELEASING = YES;
				CLANG_WARN_BOOL_CONVERSION = YES;
				CLANG_WARN_COMMA = YES;
				CLANG_WARN_CONSTANT_CONVERSION = YES;
				CLANG_WARN_DEPRECATED_OBJC_IMPLEMENTATIONS = YES;
				CLANG_WARN_DIRECT_OBJC_ISA_USAGE = YES_ERROR;
				CLANG_WARN_DOCUMENTATION_COMMENTS = YES;
				CLANG_WARN_EMPTY_BODY = YES;
				CLANG_WARN_ENUM_CONVERSION = YES;
				CLANG_WARN_INFINITE_RECURSION = YES;
				CLANG_WARN_INT_CONVERSION = YES;
				CLANG_WARN_NON_LITERAL_NULL_CONVERSION = YES;
				CLANG_WARN_OBJC_IMPLICIT_RETAIN_SELF = YES;
				CLANG_WARN_OBJC_LITERAL_CONVERSION = YES;
				CLANG_WARN_OBJC_ROOT_CLASS = YES_ERROR;
				CLANG_WARN_RANGE_LOOP_ANALYSIS = YES;
				CLANG_WARN_STRICT_PROTOTYPES = YES;
				CLANG_WARN_SUSPICIOUS_MOVE = YES;
				CLANG_WARN_UNGUARDED_AVAILABILITY = YES_AGGRESSIVE;
				CLANG_WARN_UNREACHABLE_CODE = YES;
				CLANG_WARN__DUPLICATE_METHOD_MATCH = YES;
				CODE_SIGN_IDENTITY = "iPhone Developer";
				COPY_PHASE_STRIP = NO;
				DEBUG_INFORMATION_FORMAT = "dwarf-with-dsym";
				ENABLE_NS_ASSERTIONS = NO;
				ENABLE_STRICT_OBJC_MSGSEND = YES;
				GCC_C_LANGUAGE_STANDARD = gnu11;
				GCC_NO_COMMON_BLOCKS = YES;
				GCC_WARN_64_TO_32_BIT_CONVERSION = YES;
				GCC_WARN_ABOUT_RETURN_TYPE = YES_ERROR;
				GCC_WARN_UNDECLARED_SELECTOR = YES;
				GCC_WARN_UNINITIALIZED_AUTOS = YES_AGGRESSIVE;
				GCC_WARN_UNUSED_FUNCTION = YES;
				GCC_WARN_UNUSED_VARIABLE = YES;
				IPHONEOS_DEPLOYMENT_TARGET = 12.1;
				MTL_ENABLE_DEBUG_INFO = NO;
				MTL_FAST_MATH = YES;
				SDKROOT = iphoneos;
				SWIFT_COMPILATION_MODE = wholemodule;
				SWIFT_OPTIMIZATION_LEVEL = "-O";
				VALIDATE_PRODUCT = YES;
			};
			name = Release;
		};
		61524F9121AAA37600E29CDA /* Debug */ = {
			isa = XCBuildConfiguration;
			baseConfigurationReference = 0C4B72D046E4D809B05727E6 /* Pods-NuruMassage.debug.xcconfig */;
			buildSettings = {
				ASSETCATALOG_COMPILER_APPICON_NAME = AppIcon;
				CODE_SIGN_STYLE = Automatic;
				DEVELOPMENT_TEAM = 5F4T6ZN5AC;
				INFOPLIST_FILE = NuruMassage/Info.plist;
				LD_RUNPATH_SEARCH_PATHS = (
					"$(inherited)",
					"@executable_path/Frameworks",
				);
				PRODUCT_BUNDLE_IDENTIFIER = com.lightningstrikes.NuruMassage;
				PRODUCT_NAME = "$(TARGET_NAME)";
				SWIFT_VERSION = 4.2;
				TARGETED_DEVICE_FAMILY = "1,2";
			};
			name = Debug;
		};
		61524F9221AAA37600E29CDA /* Release */ = {
			isa = XCBuildConfiguration;
			baseConfigurationReference = D39D1F894466351A38FB25A0 /* Pods-NuruMassage.release.xcconfig */;
			buildSettings = {
				ASSETCATALOG_COMPILER_APPICON_NAME = AppIcon;
				CODE_SIGN_STYLE = Automatic;
				DEVELOPMENT_TEAM = 5F4T6ZN5AC;
				INFOPLIST_FILE = NuruMassage/Info.plist;
				LD_RUNPATH_SEARCH_PATHS = (
					"$(inherited)",
					"@executable_path/Frameworks",
				);
				PRODUCT_BUNDLE_IDENTIFIER = com.lightningstrikes.NuruMassage;
				PRODUCT_NAME = "$(TARGET_NAME)";
				SWIFT_VERSION = 4.2;
				TARGETED_DEVICE_FAMILY = "1,2";
			};
			name = Release;
		};
/* End XCBuildConfiguration section */

/* Begin XCConfigurationList section */
		61524F7921AAA37300E29CDA /* Build configuration list for PBXProject "NuruMassage" */ = {
			isa = XCConfigurationList;
			buildConfigurations = (
				61524F8E21AAA37600E29CDA /* Debug */,
				61524F8F21AAA37600E29CDA /* Release */,
			);
			defaultConfigurationIsVisible = 0;
			defaultConfigurationName = Release;
		};
		61524F9021AAA37600E29CDA /* Build configuration list for PBXNativeTarget "NuruMassage" */ = {
			isa = XCConfigurationList;
			buildConfigurations = (
				61524F9121AAA37600E29CDA /* Debug */,
				61524F9221AAA37600E29CDA /* Release */,
			);
			defaultConfigurationIsVisible = 0;
			defaultConfigurationName = Release;
		};
/* End XCConfigurationList section */

/* Begin XCVersionGroup section */
		61524F9B21ACC2D300E29CDA /* DataModel.xcdatamodeld */ = {
			isa = XCVersionGroup;
			children = (
				61524F9C21ACC2D300E29CDA /* DataModel.xcdatamodel */,
			);
			currentVersion = 61524F9C21ACC2D300E29CDA /* DataModel.xcdatamodel */;
			path = DataModel.xcdatamodeld;
			sourceTree = "<group>";
			versionGroupType = wrapper.xcdatamodel;
		};
/* End XCVersionGroup section */
	};
	rootObject = 61524F7621AAA37300E29CDA /* Project object */;
}
